
Microsoft Visual Studio Solution File, Format Version 12.00
# Visual Studio Version 17
VisualStudioVersion = 17.7.34024.191
MinimumVisualStudioVersion = 10.0.40219.1
Project("{2150E333-8FDC-42A3-9474-1A3956D46DE8}") = "src", "src", "{A94C3DB5-F492-4B5D-955A-059ADB183C16}"
EndProject
Project("{2150E333-8FDC-42A3-9474-1A3956D46DE8}") = "1. Creational", "1. Creational", "{82D94B04-5648-4B7E-ABE8-2BE1328C9A18}"
EndProject
Project("{2150E333-8FDC-42A3-9474-1A3956D46DE8}") = "2. Structural", "2. Structural", "{DAD8B515-6797-40B4-9607-832159B72886}"
EndProject
Project("{2150E333-8FDC-42A3-9474-1A3956D46DE8}") = "3. Behavioral", "3. Behavioral", "{34DDDC41-57FE-467F-A2A5-6A59F94BBC42}"
EndProject
Project("{2150E333-8FDC-42A3-9474-1A3956D46DE8}") = "Class", "Class", "{A3B7F197-DBC7-46C2-8B4C-797B061221A3}"
EndProject
Project("{2150E333-8FDC-42A3-9474-1A3956D46DE8}") = "Object", "Object", "{1DF0BE02-746F-43C4-BA53-658BDC8E710E}"
EndProject
Project("{2150E333-8FDC-42A3-9474-1A3956D46DE8}") = "Class", "Class", "{44F2CFDA-8666-4A00-80B1-F7688213053F}"
EndProject
Project("{2150E333-8FDC-42A3-9474-1A3956D46DE8}") = "Object", "Object", "{71BD4A8C-B488-4368-B747-C318C2A675E8}"
EndProject
Project("{2150E333-8FDC-42A3-9474-1A3956D46DE8}") = "1. Simple Factory", "1. Simple Factory", "{0C023DE4-ED80-43DA-85CE-73A1EF41E459}"
EndProject
Project("{2150E333-8FDC-42A3-9474-1A3956D46DE8}") = "2. Factory Method", "2. Factory Method", "{C690DC7A-02A1-4B0C-B195-4B9EC5B8E298}"
EndProject
Project("{FAE04EC0-301F-11D3-BF4B-00C04F79EFBC}") = "Version 01", "src\1. Creational\SimpleFactory\Version 01\Version 01.csproj", "{77FD8D78-FE23-4AA0-B908-EF12A3AB6D2B}"
EndProject
Project("{FAE04EC0-301F-11D3-BF4B-00C04F79EFBC}") = "Version 02", "src\1. Creational\SimpleFactory\Version 02\Version 02.csproj", "{4E955A15-772C-409D-B3F4-9F66613B8D90}"
EndProject
Project("{FAE04EC0-301F-11D3-BF4B-00C04F79EFBC}") = "Version 03", "src\1. Creational\SimpleFactory\Version 03\Version 03.csproj", "{D6ACD1A0-87ED-49DE-9E42-639A23312B14}"
EndProject
Project("{9A19103F-16F7-4668-BE54-9A1E7A4F7556}") = "Version 01", "src\1. Creational\FactoryMethod\Version 01\Version 01.csproj", "{93D9FC17-44F9-4DB4-9FD2-BB88B1CF2BD2}"
EndProject
Global
	GlobalSection(SolutionConfigurationPlatforms) = preSolution
		Debug|Any CPU = Debug|Any CPU
		Release|Any CPU = Release|Any CPU
	EndGlobalSection
	GlobalSection(ProjectConfigurationPlatforms) = postSolution
		{77FD8D78-FE23-4AA0-B908-EF12A3AB6D2B}.Debug|Any CPU.ActiveCfg = Debug|Any CPU
		{77FD8D78-FE23-4AA0-B908-EF12A3AB6D2B}.Debug|Any CPU.Build.0 = Debug|Any CPU
		{77FD8D78-FE23-4AA0-B908-EF12A3AB6D2B}.Release|Any CPU.ActiveCfg = Release|Any CPU
		{77FD8D78-FE23-4AA0-B908-EF12A3AB6D2B}.Release|Any CPU.Build.0 = Release|Any CPU
		{4E955A15-772C-409D-B3F4-9F66613B8D90}.Debug|Any CPU.ActiveCfg = Debug|Any CPU
		{4E955A15-772C-409D-B3F4-9F66613B8D90}.Debug|Any CPU.Build.0 = Debug|Any CPU
		{4E955A15-772C-409D-B3F4-9F66613B8D90}.Release|Any CPU.ActiveCfg = Release|Any CPU
		{4E955A15-772C-409D-B3F4-9F66613B8D90}.Release|Any CPU.Build.0 = Release|Any CPU
		{D6ACD1A0-87ED-49DE-9E42-639A23312B14}.Debug|Any CPU.ActiveCfg = Debug|Any CPU
		{D6ACD1A0-87ED-49DE-9E42-639A23312B14}.Debug|Any CPU.Build.0 = Debug|Any CPU
		{D6ACD1A0-87ED-49DE-9E42-639A23312B14}.Release|Any CPU.ActiveCfg = Release|Any CPU
		{D6ACD1A0-87ED-49DE-9E42-639A23312B14}.Release|Any CPU.Build.0 = Release|Any CPU
		{93D9FC17-44F9-4DB4-9FD2-BB88B1CF2BD2}.Debug|Any CPU.ActiveCfg = Debug|Any CPU
		{93D9FC17-44F9-4DB4-9FD2-BB88B1CF2BD2}.Debug|Any CPU.Build.0 = Debug|Any CPU
		{93D9FC17-44F9-4DB4-9FD2-BB88B1CF2BD2}.Release|Any CPU.ActiveCfg = Release|Any CPU
		{93D9FC17-44F9-4DB4-9FD2-BB88B1CF2BD2}.Release|Any CPU.Build.0 = Release|Any CPU
	EndGlobalSection
	GlobalSection(SolutionProperties) = preSolution
		HideSolutionNode = FALSE
	EndGlobalSection
	GlobalSection(NestedProjects) = preSolution
		{82D94B04-5648-4B7E-ABE8-2BE1328C9A18} = {A94C3DB5-F492-4B5D-955A-059ADB183C16}
		{DAD8B515-6797-40B4-9607-832159B72886} = {A94C3DB5-F492-4B5D-955A-059ADB183C16}
		{34DDDC41-57FE-467F-A2A5-6A59F94BBC42} = {A94C3DB5-F492-4B5D-955A-059ADB183C16}
		{A3B7F197-DBC7-46C2-8B4C-797B061221A3} = {DAD8B515-6797-40B4-9607-832159B72886}
		{1DF0BE02-746F-43C4-BA53-658BDC8E710E} = {DAD8B515-6797-40B4-9607-832159B72886}
		{44F2CFDA-8666-4A00-80B1-F7688213053F} = {34DDDC41-57FE-467F-A2A5-6A59F94BBC42}
		{71BD4A8C-B488-4368-B747-C318C2A675E8} = {34DDDC41-57FE-467F-A2A5-6A59F94BBC42}
		{0C023DE4-ED80-43DA-85CE-73A1EF41E459} = {82D94B04-5648-4B7E-ABE8-2BE1328C9A18}
		{C690DC7A-02A1-4B0C-B195-4B9EC5B8E298} = {82D94B04-5648-4B7E-ABE8-2BE1328C9A18}
		{77FD8D78-FE23-4AA0-B908-EF12A3AB6D2B} = {0C023DE4-ED80-43DA-85CE-73A1EF41E459}
		{4E955A15-772C-409D-B3F4-9F66613B8D90} = {0C023DE4-ED80-43DA-85CE-73A1EF41E459}
		{D6ACD1A0-87ED-49DE-9E42-639A23312B14} = {0C023DE4-ED80-43DA-85CE-73A1EF41E459}
		{93D9FC17-44F9-4DB4-9FD2-BB88B1CF2BD2} = {C690DC7A-02A1-4B0C-B195-4B9EC5B8E298}
	EndGlobalSection
	GlobalSection(ExtensibilityGlobals) = postSolution
		SolutionGuid = {7AA21791-72C6-47D4-86E2-15F306173DBA}
	EndGlobalSection
EndGlobal
